
Microsoft Visual Studio Solution File, Format Version 12.00
# Visual Studio Version 17
VisualStudioVersion = 17.7.34202.233
MinimumVisualStudioVersion = 10.0.40219.1
Project("{8BC9CEB8-8B4A-11D0-8D11-00A0C91BC942}") = "mt3_02_03", "mt3_02_03.vcxproj", "{CD554760-5743-4796-83F7-1937B92E22AB}"
EndProject
Global
	GlobalSection(SolutionConfigurationPlatforms) = preSolution
		Debug|x64 = Debug|x64
		Release|x64 = Release|x64
	EndGlobalSection
	GlobalSection(ProjectConfigurationPlatforms) = postSolution
		{CD554760-5743-4796-83F7-1937B92E22AB}.Debug|x64.ActiveCfg = Debug|x64
		{CD554760-5743-4796-83F7-1937B92E22AB}.Debug|x64.Build.0 = Debug|x64
		{CD554760-5743-4796-83F7-1937B92E22AB}.Release|x64.ActiveCfg = Release|x64
		{CD554760-5743-4796-83F7-1937B92E22AB}.Release|x64.Build.0 = Release|x64
	EndGlobalSection
	GlobalSection(SolutionProperties) = preSolution
		HideSolutionNode = FALSE
	EndGlobalSection
	GlobalSection(ExtensibilityGlobals) = postSolution
		SolutionGuid = {E167117E-ABB5-4DEE-86EC-AEA54F57F0E3}
	EndGlobalSection
EndGlobal
